// !$*UTF8*$!
{
	archiveVersion = 1;
	classes = {
	};
	objectVersion = 50;
	objects = {

/* Begin PBXBuildFile section */
		E2781BD2266C0545001AF30C /* romanNumber2App.swift in Sources */ = {isa = PBXBuildFile; fileRef = E2781BD1266C0545001AF30C /* romanNumber2App.swift */; };
		E2781BD4266C0545001AF30C /* ContentView.swift in Sources */ = {isa = PBXBuildFile; fileRef = E2781BD3266C0545001AF30C /* ContentView.swift */; };
		E2781BD6266C0546001AF30C /* Assets.xcassets in Resources */ = {isa = PBXBuildFile; fileRef = E2781BD5266C0546001AF30C /* Assets.xcassets */; };
		E2781BD9266C0546001AF30C /* Preview Assets.xcassets in Resources */ = {isa = PBXBuildFile; fileRef = E2781BD8266C0546001AF30C /* Preview Assets.xcassets */; };
		E2781BE4266C0546001AF30C /* romanNumber2Tests.swift in Sources */ = {isa = PBXBuildFile; fileRef = E2781BE3266C0546001AF30C /* romanNumber2Tests.swift */; };
		E2781BEF266C0547001AF30C /* romanNumber2UITests.swift in Sources */ = {isa = PBXBuildFile; fileRef = E2781BEE266C0547001AF30C /* romanNumber2UITests.swift */; };
		E2781BFD266C05B8001AF30C /* romanNumber.swift in Sources */ = {isa = PBXBuildFile; fileRef = E2781BFC266C05B8001AF30C /* romanNumber.swift */; };
/* End PBXBuildFile section */

/* Begin PBXContainerItemProxy section */
		E2781BE0266C0546001AF30C /* PBXContainerItemProxy */ = {
			isa = PBXContainerItemProxy;
			containerPortal = E2781BC6266C0545001AF30C /* Project object */;
			proxyType = 1;
			remoteGlobalIDString = E2781BCD266C0545001AF30C;
			remoteInfo = romanNumber2;
		};
		E2781BEB266C0547001AF30C /* PBXContainerItemProxy */ = {
			isa = PBXContainerItemProxy;
			containerPortal = E2781BC6266C0545001AF30C /* Project object */;
			proxyType = 1;
			remoteGlobalIDString = E2781BCD266C0545001AF30C;
			remoteInfo = romanNumber2;
		};
/* End PBXContainerItemProxy section */

/* Begin PBXFileReference section */
		E2781BCE266C0545001AF30C /* romanNumber2.app */ = {isa = PBXFileReference; explicitFileType = wrapper.application; includeInIndex = 0; path = romanNumber2.app; sourceTree = BUILT_PRODUCTS_DIR; };
		E2781BD1266C0545001AF30C /* romanNumber2App.swift */ = {isa = PBXFileReference; lastKnownFileType = sourcecode.swift; path = romanNumber2App.swift; sourceTree = "<group>"; };
		E2781BD3266C0545001AF30C /* ContentView.swift */ = {isa = PBXFileReference; lastKnownFileType = sourcecode.swift; path = ContentView.swift; sourceTree = "<group>"; };
		E2781BD5266C0546001AF30C /* Assets.xcassets */ = {isa = PBXFileReference; lastKnownFileType = folder.assetcatalog; path = Assets.xcassets; sourceTree = "<group>"; };
		E2781BD8266C0546001AF30C /* Preview Assets.xcassets */ = {isa = PBXFileReference; lastKnownFileType = folder.assetcatalog; path = "Preview Assets.xcassets"; sourceTree = "<group>"; };
		E2781BDA266C0546001AF30C /* Info.plist */ = {isa = PBXFileReference; lastKnownFileType = text.plist.xml; path = Info.plist; sourceTree = "<group>"; };
		E2781BDF266C0546001AF30C /* romanNumber2Tests.xctest */ = {isa = PBXFileReference; explicitFileType = wrapper.cfbundle; includeInIndex = 0; path = romanNumber2Tests.xctest; sourceTree = BUILT_PRODUCTS_DIR; };
		E2781BE3266C0546001AF30C /* romanNumber2Tests.swift */ = {isa = PBXFileReference; lastKnownFileType = sourcecode.swift; path = romanNumber2Tests.swift; sourceTree = "<group>"; };
		E2781BE5266C0546001AF30C /* Info.plist */ = {isa = PBXFileReference; lastKnownFileType = text.plist.xml; path = Info.plist; sourceTree = "<group>"; };
		E2781BEA266C0547001AF30C /* romanNumber2UITests.xctest */ = {isa = PBXFileReference; explicitFileType = wrapper.cfbundle; includeInIndex = 0; path = romanNumber2UITests.xctest; sourceTree = BUILT_PRODUCTS_DIR; };
		E2781BEE266C0547001AF30C /* romanNumber2UITests.swift */ = {isa = PBXFileReference; lastKnownFileType = sourcecode.swift; path = romanNumber2UITests.swift; sourceTree = "<group>"; };
		E2781BF0266C0547001AF30C /* Info.plist */ = {isa = PBXFileReference; lastKnownFileType = text.plist.xml; path = Info.plist; sourceTree = "<group>"; };
		E2781BFC266C05B8001AF30C /* romanNumber.swift */ = {isa = PBXFileReference; lastKnownFileType = sourcecode.swift; path = romanNumber.swift; sourceTree = "<group>"; };
/* End PBXFileReference section */

/* Begin PBXFrameworksBuildPhase section */
		E2781BCB266C0545001AF30C /* Frameworks */ = {
			isa = PBXFrameworksBuildPhase;
			buildActionMask = 2147483647;
			files = (
			);
			runOnlyForDeploymentPostprocessing = 0;
		};
		E2781BDC266C0546001AF30C /* Frameworks */ = {
			isa = PBXFrameworksBuildPhase;
			buildActionMask = 2147483647;
			files = (
			);
			runOnlyForDeploymentPostprocessing = 0;
		};
		E2781BE7266C0547001AF30C /* Frameworks */ = {
			isa = PBXFrameworksBuildPhase;
			buildActionMask = 2147483647;
			files = (
			);
			runOnlyForDeploymentPostprocessing = 0;
		};
/* End PBXFrameworksBuildPhase section */

/* Begin PBXGroup section */
		E2781BC5266C0545001AF30C = {
			isa = PBXGroup;
			children = (
				E2781BD0266C0545001AF30C /* romanNumber2 */,
				E2781BE2266C0546001AF30C /* romanNumber2Tests */,
				E2781BED266C0547001AF30C /* romanNumber2UITests */,
				E2781BCF266C0545001AF30C /* Products */,
			);
			sourceTree = "<group>";
		};
		E2781BCF266C0545001AF30C /* Products */ = {
			isa = PBXGroup;
			children = (
				E2781BCE266C0545001AF30C /* romanNumber2.app */,
				E2781BDF266C0546001AF30C /* romanNumber2Tests.xctest */,
				E2781BEA266C0547001AF30C /* romanNumber2UITests.xctest */,
			);
			name = Products;
			sourceTree = "<group>";
		};
		E2781BD0266C0545001AF30C /* romanNumber2 */ = {
			isa = PBXGroup;
			children = (
				E2781BD1266C0545001AF30C /* romanNumber2App.swift */,
				E2781BD3266C0545001AF30C /* ContentView.swift */,
				E2781BD5266C0546001AF30C /* Assets.xcassets */,
				E2781BDA266C0546001AF30C /* Info.plist */,
				E2781BD7266C0546001AF30C /* Preview Content */,
				E2781BFC266C05B8001AF30C /* romanNumber.swift */,
			);
			path = romanNumber2;
			sourceTree = "<group>";
		};
		E2781BD7266C0546001AF30C /* Preview Content */ = {
			isa = PBXGroup;
			children = (
				E2781BD8266C0546001AF30C /* Preview Assets.xcassets */,
			);
			path = "Preview Content";
			sourceTree = "<group>";
		};
		E2781BE2266C0546001AF30C /* romanNumber2Tests */ = {
			isa = PBXGroup;
			children = (
				E2781BE3266C0546001AF30C /* romanNumber2Tests.swift */,
				E2781BE5266C0546001AF30C /* Info.plist */,
			);
			path = romanNumber2Tests;
			sourceTree = "<group>";
		};
		E2781BED266C0547001AF30C /* romanNumber2UITests */ = {
			isa = PBXGroup;
			children = (
				E2781BEE266C0547001AF30C /* romanNumber2UITests.swift */,
				E2781BF0266C0547001AF30C /* Info.plist */,
			);
			path = romanNumber2UITests;
			sourceTree = "<group>";
		};
/* End PBXGroup section */

/* Begin PBXNativeTarget section */
		E2781BCD266C0545001AF30C /* romanNumber2 */ = {
			isa = PBXNativeTarget;
			buildConfigurationList = E2781BF3266C0547001AF30C /* Build configuration list for PBXNativeTarget "romanNumber2" */;
			buildPhases = (
				E2781BCA266C0545001AF30C /* Sources */,
				E2781BCB266C0545001AF30C /* Frameworks */,
				E2781BCC266C0545001AF30C /* Resources */,
			);
			buildRules = (
			);
			dependencies = (
			);
			name = romanNumber2;
			productName = romanNumber2;
			productReference = E2781BCE266C0545001AF30C /* romanNumber2.app */;
			productType = "com.apple.product-type.application";
		};
		E2781BDE266C0546001AF30C /* romanNumber2Tests */ = {
			isa = PBXNativeTarget;
			buildConfigurationList = E2781BF6266C0547001AF30C /* Build configuration list for PBXNativeTarget "romanNumber2Tests" */;
			buildPhases = (
				E2781BDB266C0546001AF30C /* Sources */,
				E2781BDC266C0546001AF30C /* Frameworks */,
				E2781BDD266C0546001AF30C /* Resources */,
			);
			buildRules = (
			);
			dependencies = (
				E2781BE1266C0546001AF30C /* PBXTargetDependency */,
			);
			name = romanNumber2Tests;
			productName = romanNumber2Tests;
			productReference = E2781BDF266C0546001AF30C /* romanNumber2Tests.xctest */;
			productType = "com.apple.product-type.bundle.unit-test";
		};
		E2781BE9266C0547001AF30C /* romanNumber2UITests */ = {
			isa = PBXNativeTarget;
			buildConfigurationList = E2781BF9266C0547001AF30C /* Build configuration list for PBXNativeTarget "romanNumber2UITests" */;
			buildPhases = (
				E2781BE6266C0547001AF30C /* Sources */,
				E2781BE7266C0547001AF30C /* Frameworks */,
				E2781BE8266C0547001AF30C /* Resources */,
			);
			buildRules = (
			);
			dependencies = (
				E2781BEC266C0547001AF30C /* PBXTargetDependency */,
			);
			name = romanNumber2UITests;
			productName = romanNumber2UITests;
			productReference = E2781BEA266C0547001AF30C /* romanNumber2UITests.xctest */;
			productType = "com.apple.product-type.bundle.ui-testing";
		};
/* End PBXNativeTarget section */

/* Begin PBXProject section */
		E2781BC6266C0545001AF30C /* Project object */ = {
			isa = PBXProject;
			attributes = {
				LastSwiftUpdateCheck = 1250;
				LastUpgradeCheck = 1250;
				TargetAttributes = {
					E2781BCD266C0545001AF30C = {
						CreatedOnToolsVersion = 12.5;
					};
					E2781BDE266C0546001AF30C = {
						CreatedOnToolsVersion = 12.5;
						TestTargetID = E2781BCD266C0545001AF30C;
					};
					E2781BE9266C0547001AF30C = {
						CreatedOnToolsVersion = 12.5;
						TestTargetID = E2781BCD266C0545001AF30C;
					};
				};
			};
			buildConfigurationList = E2781BC9266C0545001AF30C /* Build configuration list for PBXProject "romanNumber2" */;
			compatibilityVersion = "Xcode 9.3";
			developmentRegion = en;
			hasScannedForEncodings = 0;
			knownRegions = (
				en,
				Base,
			);
			mainGroup = E2781BC5266C0545001AF30C;
			productRefGroup = E2781BCF266C0545001AF30C /* Products */;
			projectDirPath = "";
			projectRoot = "";
			targets = (
				E2781BCD266C0545001AF30C /* romanNumber2 */,
				E2781BDE266C0546001AF30C /* romanNumber2Tests */,
				E2781BE9266C0547001AF30C /* romanNumber2UITests */,
			);
		};
/* End PBXProject section */

/* Begin PBXResourcesBuildPhase section */
		E2781BCC266C0545001AF30C /* Resources */ = {
			isa = PBXResourcesBuildPhase;
			buildActionMask = 2147483647;
			files = (
				E2781BD9266C0546001AF30C /* Preview Assets.xcassets in Resources */,
				E2781BD6266C0546001AF30C /* Assets.xcassets in Resources */,
			);
			runOnlyForDeploymentPostprocessing = 0;
		};
		E2781BDD266C0546001AF30C /* Resources */ = {
			isa = PBXResourcesBuildPhase;
			buildActionMask = 2147483647;
			files = (
			);
			runOnlyForDeploymentPostprocessing = 0;
		};
		E2781BE8266C0547001AF30C /* Resources */ = {
			isa = PBXResourcesBuildPhase;
			buildActionMask = 2147483647;
			files = (
			);
			runOnlyForDeploymentPostprocessing = 0;
		};
/* End PBXResourcesBuildPhase section */

/* Begin PBXSourcesBuildPhase section */
		E2781BCA266C0545001AF30C /* Sources */ = {
			isa = PBXSourcesBuildPhase;
			buildActionMask = 2147483647;
			files = (
				E2781BFD266C05B8001AF30C /* romanNumber.swift in Sources */,
				E2781BD4266C0545001AF30C /* ContentView.swift in Sources */,
				E2781BD2266C0545001AF30C /* romanNumber2App.swift in Sources */,
			);
			runOnlyForDeploymentPostprocessing = 0;
		};
		E2781BDB266C0546001AF30C /* Sources */ = {
			isa = PBXSourcesBuildPhase;
			buildActionMask = 2147483647;
			files = (
				E2781BE4266C0546001AF30C /* romanNumber2Tests.swift in Sources */,
			);
			runOnlyForDeploymentPostprocessing = 0;
		};
		E2781BE6266C0547001AF30C /* Sources */ = {
			isa = PBXSourcesBuildPhase;
			buildActionMask = 2147483647;
			files = (
				E2781BEF266C0547001AF30C /* romanNumber2UITests.swift in Sources */,
			);
			runOnlyForDeploymentPostprocessing = 0;
		};
/* End PBXSourcesBuildPhase section */

/* Begin PBXTargetDependency section */
		E2781BE1266C0546001AF30C /* PBXTargetDependency */ = {
			isa = PBXTargetDependency;
			target = E2781BCD266C0545001AF30C /* romanNumber2 */;
			targetProxy = E2781BE0266C0546001AF30C /* PBXContainerItemProxy */;
		};
		E2781BEC266C0547001AF30C /* PBXTargetDependency */ = {
			isa = PBXTargetDependency;
			target = E2781BCD266C0545001AF30C /* romanNumber2 */;
			targetProxy = E2781BEB266C0547001AF30C /* PBXContainerItemProxy */;
		};
/* End PBXTargetDependency section */

/* Begin XCBuildConfiguration section */
		E2781BF1266C0547001AF30C /* Debug */ = {
			isa = XCBuildConfiguration;
			buildSettings = {
				ALWAYS_SEARCH_USER_PATHS = NO;
				CLANG_ANALYZER_NONNULL = YES;
				CLANG_ANALYZER_NUMBER_OBJECT_CONVERSION = YES_AGGRESSIVE;
				CLANG_CXX_LANGUAGE_STANDARD = "gnu++14";
				CLANG_CXX_LIBRARY = "libc++";
				CLANG_ENABLE_MODULES = YES;
				CLANG_ENABLE_OBJC_ARC = YES;
				CLANG_ENABLE_OBJC_WEAK = YES;
				CLANG_WARN_BLOCK_CAPTURE_AUTORELEASING = YES;
				CLANG_WARN_BOOL_CONVERSION = YES;
				CLANG_WARN_COMMA = YES;
				CLANG_WARN_CONSTANT_CONVERSION = YES;
				CLANG_WARN_DEPRECATED_OBJC_IMPLEMENTATIONS = YES;
				CLANG_WARN_DIRECT_OBJC_ISA_USAGE = YES_ERROR;
				CLANG_WARN_DOCUMENTATION_COMMENTS = YES;
				CLANG_WARN_EMPTY_BODY = YES;
				CLANG_WARN_ENUM_CONVERSION = YES;
				CLANG_WARN_INFINITE_RECURSION = YES;
				CLANG_WARN_INT_CONVERSION = YES;
				CLANG_WARN_NON_LITERAL_NULL_CONVERSION = YES;
				CLANG_WARN_OBJC_IMPLICIT_RETAIN_SELF = YES;
				CLANG_WARN_OBJC_LITERAL_CONVERSION = YES;
				CLANG_WARN_OBJC_ROOT_CLASS = YES_ERROR;
				CLANG_WARN_QUOTED_INCLUDE_IN_FRAMEWORK_HEADER = YES;
				CLANG_WARN_RANGE_LOOP_ANALYSIS = YES;
				CLANG_WARN_STRICT_PROTOTYPES = YES;
				CLANG_WARN_SUSPICIOUS_MOVE = YES;
				CLANG_WARN_UNGUARDED_AVAILABILITY = YES_AGGRESSIVE;
				CLANG_WARN_UNREACHABLE_CODE = YES;
				CLANG_WARN__DUPLICATE_METHOD_MATCH = YES;
				COPY_PHASE_STRIP = NO;
				DEBUG_INFORMATION_FORMAT = dwarf;
				ENABLE_STRICT_OBJC_MSGSEND = YES;
				ENABLE_TESTABILITY = YES;
				GCC_C_LANGUAGE_STANDARD = gnu11;
				GCC_DYNAMIC_NO_PIC = NO;
				GCC_NO_COMMON_BLOCKS = YES;
				GCC_OPTIMIZATION_LEVEL = 0;
				GCC_PREPROCESSOR_DEFINITIONS = (
					"DEBUG=1",
					"$(inherited)",
				);
				GCC_WARN_64_TO_32_BIT_CONVERSION = YES;
				GCC_WARN_ABOUT_RETURN_TYPE = YES_ERROR;
				GCC_WARN_UNDECLARED_SELECTOR = YES;
				GCC_WARN_UNINITIALIZED_AUTOS = YES_AGGRESSIVE;
				GCC_WARN_UNUSED_FUNCTION = YES;
				GCC_WARN_UNUSED_VARIABLE = YES;
				IPHONEOS_DEPLOYMENT_TARGET = 14.5;
				MTL_ENABLE_DEBUG_INFO = INCLUDE_SOURCE;
				MTL_FAST_MATH = YES;
				ONLY_ACTIVE_ARCH = YES;
				SDKROOT = iphoneos;
				SWIFT_ACTIVE_COMPILATION_CONDITIONS = DEBUG;
				SWIFT_OPTIMIZATION_LEVEL = "-Onone";
			};
			name = Debug;
		};
		E2781BF2266C0547001AF30C /* Release */ = {
			isa = XCBuildConfiguration;
			buildSettings = {
				ALWAYS_SEARCH_USER_PATHS = NO;
				CLANG_ANALYZER_NONNULL = YES;
				CLANG_ANALYZER_NUMBER_OBJECT_CONVERSION = YES_AGGRESSIVE;
				CLANG_CXX_LANGUAGE_STANDARD = "gnu++14";
				CLANG_CXX_LIBRARY = "libc++";
				CLANG_ENABLE_MODULES = YES;
				CLANG_ENABLE_OBJC_ARC = YES;
				CLANG_ENABLE_OBJC_WEAK = YES;
				CLANG_WARN_BLOCK_CAPTURE_AUTORELEASING = YES;
				CLANG_WARN_BOOL_CONVERSION = YES;
				CLANG_WARN_COMMA = YES;
				CLANG_WARN_CONSTANT_CONVERSION = YES;
				CLANG_WARN_DEPRECATED_OBJC_IMPLEMENTATIONS = YES;
				CLANG_WARN_DIRECT_OBJC_ISA_USAGE = YES_ERROR;
				CLANG_WARN_DOCUMENTATION_COMMENTS = YES;
				CLANG_WARN_EMPTY_BODY = YES;
				CLANG_WARN_ENUM_CONVERSION = YES;
				CLANG_WARN_INFINITE_RECURSION = YES;
				CLANG_WARN_INT_CONVERSION = YES;
				CLANG_WARN_NON_LITERAL_NULL_CONVERSION = YES;
				CLANG_WARN_OBJC_IMPLICIT_RETAIN_SELF = YES;
				CLANG_WARN_OBJC_LITERAL_CONVERSION = YES;
				CLANG_WARN_OBJC_ROOT_CLASS = YES_ERROR;
				CLANG_WARN_QUOTED_INCLUDE_IN_FRAMEWORK_HEADER = YES;
				CLANG_WARN_RANGE_LOOP_ANALYSIS = YES;
				CLANG_WARN_STRICT_PROTOTYPES = YES;
				CLANG_WARN_SUSPICIOUS_MOVE = YES;
				CLANG_WARN_UNGUARDED_AVAILABILITY = YES_AGGRESSIVE;
				CLANG_WARN_UNREACHABLE_CODE = YES;
				CLANG_WARN__DUPLICATE_METHOD_MATCH = YES;
				COPY_PHASE_STRIP = NO;
				DEBUG_INFORMATION_FORMAT = "dwarf-with-dsym";
				ENABLE_NS_ASSERTIONS = NO;
				ENABLE_STRICT_OBJC_MSGSEND = YES;
				GCC_C_LANGUAGE_STANDARD = gnu11;
				GCC_NO_COMMON_BLOCKS = YES;
				GCC_WARN_64_TO_32_BIT_CONVERSION = YES;
				GCC_WARN_ABOUT_RETURN_TYPE = YES_ERROR;
				GCC_WARN_UNDECLARED_SELECTOR = YES;
				GCC_WARN_UNINITIALIZED_AUTOS = YES_AGGRESSIVE;
				GCC_WARN_UNUSED_FUNCTION = YES;
				GCC_WARN_UNUSED_VARIABLE = YES;
				IPHONEOS_DEPLOYMENT_TARGET = 14.5;
				MTL_ENABLE_DEBUG_INFO = NO;
				MTL_FAST_MATH = YES;
				SDKROOT = iphoneos;
				SWIFT_COMPILATION_MODE = wholemodule;
				SWIFT_OPTIMIZATION_LEVEL = "-O";
				VALIDATE_PRODUCT = YES;
			};
			name = Release;
		};
		E2781BF4266C0547001AF30C /* Debug */ = {
			isa = XCBuildConfiguration;
			buildSettings = {
				ASSETCATALOG_COMPILER_APPICON_NAME = AppIcon;
				ASSETCATALOG_COMPILER_GLOBAL_ACCENT_COLOR_NAME = AccentColor;
				CODE_SIGN_STYLE = Automatic;
				DEVELOPMENT_ASSET_PATHS = "\"romanNumber2/Preview Content\"";
				ENABLE_PREVIEWS = YES;
				INFOPLIST_FILE = romanNumber2/Info.plist;
				IPHONEOS_DEPLOYMENT_TARGET = 14.0;
				LD_RUNPATH_SEARCH_PATHS = (
					"$(inherited)",
					"@executable_path/Frameworks",
				);
				PRODUCT_BUNDLE_IDENTIFIER = Luis.romanNumber2;
				PRODUCT_NAME = "$(TARGET_NAME)";
				SWIFT_VERSION = 5.0;
				TARGETED_DEVICE_FAMILY = "1,2";
			};
			name = Debug;
		};
		E2781BF5266C0547001AF30C /* Release */ = {
			isa = XCBuildConfiguration;
			buildSettings = {
				ASSETCATALOG_COMPILER_APPICON_NAME = AppIcon;
				ASSETCATALOG_COMPILER_GLOBAL_ACCENT_COLOR_NAME = AccentColor;
				CODE_SIGN_STYLE = Automatic;
				DEVELOPMENT_ASSET_PATHS = "\"romanNumber2/Preview Content\"";
				ENABLE_PREVIEWS = YES;
				INFOPLIST_FILE = romanNumber2/Info.plist;
				IPHONEOS_DEPLOYMENT_TARGET = 14.0;
				LD_RUNPATH_SEARCH_PATHS = (
					"$(inherited)",
					"@executable_path/Frameworks",
				);
				PRODUCT_BUNDLE_IDENTIFIER = Luis.romanNumber2;
				PRODUCT_NAME = "$(TARGET_NAME)";
				SWIFT_VERSION = 5.0;
				TARGETED_DEVICE_FAMILY = "1,2";
			};
			name = Release;
		};
		E2781BF7266C0547001AF30C /* Debug */ = {
			isa = XCBuildConfiguration;
			buildSettings = {
				ALWAYS_EMBED_SWIFT_STANDARD_LIBRARIES = YES;
				BUNDLE_LOADER = "$(TEST_HOST)";
				CODE_SIGN_STYLE = Automatic;
				INFOPLIST_FILE = romanNumber2Tests/Info.plist;
				IPHONEOS_DEPLOYMENT_TARGET = 14.0;
				LD_RUNPATH_SEARCH_PATHS = (
					"$(inherited)",
					"@executable_path/Frameworks",
					"@loader_path/Frameworks",
				);
				PRODUCT_BUNDLE_IDENTIFIER = Luis.romanNumber2Tests;
				PRODUCT_NAME = "$(TARGET_NAME)";
				SWIFT_VERSION = 5.0;
				TARGETED_DEVICE_FAMILY = "1,2";
				TEST_HOST = "$(BUILT_PRODUCTS_DIR)/romanNumber2.app/romanNumber2";
			};
			name = Debug;
		};
		E2781BF8266C0547001AF30C /* Release */ = {
			isa = XCBuildConfiguration;
			buildSettings = {
				ALWAYS_EMBED_SWIFT_STANDARD_LIBRARIES = YES;
				BUNDLE_LOADER = "$(TEST_HOST)";
				CODE_SIGN_STYLE = Automatic;
				INFOPLIST_FILE = romanNumber2Tests/Info.plist;
				IPHONEOS_DEPLOYMENT_TARGET = 14.0;
				LD_RUNPATH_SEARCH_PATHS = (
					"$(inherited)",
					"@executable_path/Frameworks",
					"@loader_path/Frameworks",
				);
				PRODUCT_BUNDLE_IDENTIFIER = Luis.romanNumber2Tests;
				PRODUCT_NAME = "$(TARGET_NAME)";
				SWIFT_VERSION = 5.0;
				TARGETED_DEVICE_FAMILY = "1,2";
				TEST_HOST = "$(BUILT_PRODUCTS_DIR)/romanNumber2.app/romanNumber2";
			};
			name = Release;
		};
		E2781BFA266C0547001AF30C /* Debug */ = {
			isa = XCBuildConfiguration;
			buildSettings = {
				ALWAYS_EMBED_SWIFT_STANDARD_LIBRARIES = YES;
				CODE_SIGN_STYLE = Automatic;
				INFOPLIST_FILE = romanNumber2UITests/Info.plist;
				LD_RUNPATH_SEARCH_PATHS = (
					"$(inherited)",
					"@executable_path/Frameworks",
					"@loader_path/Frameworks",
				);
				PRODUCT_BUNDLE_IDENTIFIER = Luis.romanNumber2UITests;
				PRODUCT_NAME = "$(TARGET_NAME)";
				SWIFT_VERSION = 5.0;
				TARGETED_DEVICE_FAMILY = "1,2";
				TEST_TARGET_NAME = romanNumber2;
			};
			name = Debug;
		};
		E2781BFB266C0547001AF30C /* Release */ = {
			isa = XCBuildConfiguration;
			buildSettings = {
				ALWAYS_EMBED_SWIFT_STANDARD_LIBRARIES = YES;
				CODE_SIGN_STYLE = Automatic;
				INFOPLIST_FILE = romanNumber2UITests/Info.plist;
				LD_RUNPATH_SEARCH_PATHS = (
					"$(inherited)",
					"@executable_path/Frameworks",
					"@loader_path/Frameworks",
				);
				PRODUCT_BUNDLE_IDENTIFIER = Luis.romanNumber2UITests;
				PRODUCT_NAME = "$(TARGET_NAME)";
				SWIFT_VERSION = 5.0;
				TARGETED_DEVICE_FAMILY = "1,2";
				TEST_TARGET_NAME = romanNumber2;
			};
			name = Release;
		};
/* End XCBuildConfiguration section */

/* Begin XCConfigurationList section */
		E2781BC9266C0545001AF30C /* Build configuration list for PBXProject "romanNumber2" */ = {
			isa = XCConfigurationList;
			buildConfigurations = (
				E2781BF1266C0547001AF30C /* Debug */,
				E2781BF2266C0547001AF30C /* Release */,
			);
			defaultConfigurationIsVisible = 0;
			defaultConfigurationName = Release;
		};
		E2781BF3266C0547001AF30C /* Build configuration list for PBXNativeTarget "romanNumber2" */ = {
			isa = XCConfigurationList;
			buildConfigurations = (
				E2781BF4266C0547001AF30C /* Debug */,
				E2781BF5266C0547001AF30C /* Release */,
			);
			defaultConfigurationIsVisible = 0;
			defaultConfigurationName = Release;
		};
		E2781BF6266C0547001AF30C /* Build configuration list for PBXNativeTarget "romanNumber2Tests" */ = {
			isa = XCConfigurationList;
			buildConfigurations = (
				E2781BF7266C0547001AF30C /* Debug */,
				E2781BF8266C0547001AF30C /* Release */,
			);
			defaultConfigurationIsVisible = 0;
			defaultConfigurationName = Release;
		};
		E2781BF9266C0547001AF30C /* Build configuration list for PBXNativeTarget "romanNumber2UITests" */ = {
			isa = XCConfigurationList;
			buildConfigurations = (
				E2781BFA266C0547001AF30C /* Debug */,
				E2781BFB266C0547001AF30C /* Release */,
			);
			defaultConfigurationIsVisible = 0;
			defaultConfigurationName = Release;
		};
/* End XCConfigurationList section */
	};
	rootObject = E2781BC6266C0545001AF30C /* Project object */;
}
